
Microsoft Visual Studio Solution File, Format Version 12.00
# Visual Studio Version 17
VisualStudioVersion = 17.5.33424.131
MinimumVisualStudioVersion = 10.0.40219.1
Project("{FAE04EC0-301F-11D3-BF4B-00C04F79EFBC}") = "GorselProgramlama", "GorselProgramlama\GorselProgramlama.csproj", "{D988FA85-7F2C-4E56-A974-0D62BFC25FB4}"
EndProject
Global
	GlobalSection(SolutionConfigurationPlatforms) = preSolution
		Debug|Any CPU = Debug|Any CPU
		Release|Any CPU = Release|Any CPU
	EndGlobalSection
	GlobalSection(ProjectConfigurationPlatforms) = postSolution
		{D988FA85-7F2C-4E56-A974-0D62BFC25FB4}.Debug|Any CPU.ActiveCfg = Debug|Any CPU
		{D988FA85-7F2C-4E56-A974-0D62BFC25FB4}.Debug|Any CPU.Build.0 = Debug|Any CPU
		{D988FA85-7F2C-4E56-A974-0D62BFC25FB4}.Release|Any CPU.ActiveCfg = Release|Any CPU
		{D988FA85-7F2C-4E56-A974-0D62BFC25FB4}.Release|Any CPU.Build.0 = Release|Any CPU
	EndGlobalSection
	GlobalSection(SolutionProperties) = preSolution
		HideSolutionNode = FALSE
	EndGlobalSection
	GlobalSection(ExtensibilityGlobals) = postSolution
		SolutionGuid = {DE55F7A5-11CF-4EBD-B028-433A2EB85567}
	EndGlobalSection
EndGlobal
